Microsoft Visual Studio Solution File, Format Version 10.00
# Visual Studio 2008
Project("{FAE04EC0-301F-11D3-BF4B-00C04F79EFBC}") = "Q265259", "Q265259\Q265259.csproj", "{F2B259A9-A9F2-4AD8-9B2A-BC6A87881C45}"
EndProject
Global
	GlobalSection(SolutionConfigurationPlatforms) = preSolution
		Debug|Any CPU = Debug|Any CPU
		Release|Any CPU = Release|Any CPU
	EndGlobalSection
	GlobalSection(ProjectConfigurationPlatforms) = postSolution
		{F2B259A9-A9F2-4AD8-9B2A-BC6A87881C45}.Debug|Any CPU.ActiveCfg = Debug|Any CPU
		{F2B259A9-A9F2-4AD8-9B2A-BC6A87881C45}.Debug|Any CPU.Build.0 = Debug|Any CPU
		{F2B259A9-A9F2-4AD8-9B2A-BC6A87881C45}.Release|Any CPU.ActiveCfg = Release|Any CPU
		{F2B259A9-A9F2-4AD8-9B2A-BC6A87881C45}.Release|Any CPU.Build.0 = Release|Any CPU
	EndGlobalSection
	GlobalSection(SolutionProperties) = preSolution
		HideSolutionNode = FALSE
	EndGlobalSection
EndGlobal
